// !$*UTF8*$!
{
	archiveVersion = 1;
	classes = {
	};
	objectVersion = 46;
	objects = {

/* Begin PBXBuildFile section */
		13EF6EB7B6BE4164BCAF94FD /* libPods.a in Frameworks */ = {isa = PBXBuildFile; fileRef = C1A1FE8E36274311AB3A170A /* libPods.a */; };
		EA83E23E17C70CA20032B71E /* UIKit.framework in Frameworks */ = {isa = PBXBuildFile; fileRef = EA83E23D17C70CA20032B71E /* UIKit.framework */; };
		EA83E24017C70CA20032B71E /* Foundation.framework in Frameworks */ = {isa = PBXBuildFile; fileRef = EA83E23F17C70CA20032B71E /* Foundation.framework */; };
		EA83E24217C70CA20032B71E /* CoreGraphics.framework in Frameworks */ = {isa = PBXBuildFile; fileRef = EA83E24117C70CA20032B71E /* CoreGraphics.framework */; };
		EA83E24817C70CA20032B71E /* InfoPlist.strings in Resources */ = {isa = PBXBuildFile; fileRef = EA83E24617C70CA20032B71E /* InfoPlist.strings */; };
		EA83E24A17C70CA20032B71E /* main.m in Sources */ = {isa = PBXBuildFile; fileRef = EA83E24917C70CA20032B71E /* main.m */; };
		EA83E24E17C70CA20032B71E /* TMDAppDelegate.m in Sources */ = {isa = PBXBuildFile; fileRef = EA83E24D17C70CA20032B71E /* TMDAppDelegate.m */; };
		EA83E25017C70CA20032B71E /* Default.png in Resources */ = {isa = PBXBuildFile; fileRef = EA83E24F17C70CA20032B71E /* Default.png */; };
		EA83E25217C70CA20032B71E /* Default@2x.png in Resources */ = {isa = PBXBuildFile; fileRef = EA83E25117C70CA20032B71E /* Default@2x.png */; };
		EA83E25417C70CA20032B71E /* Default-568h@2x.png in Resources */ = {isa = PBXBuildFile; fileRef = EA83E25317C70CA20032B71E /* Default-568h@2x.png */; };
		EA83E26117C70F8A0032B71E /* TMDLeftVC.m in Sources */ = {isa = PBXBuildFile; fileRef = EA83E26017C70F8A0032B71E /* TMDLeftVC.m */; };
		EA83E26417C70FBB0032B71E /* TMDRightVC.m in Sources */ = {isa = PBXBuildFile; fileRef = EA83E26317C70FBB0032B71E /* TMDRightVC.m */; };
		EA83E26717C712EC0032B71E /* TMDBaseVC.m in Sources */ = {isa = PBXBuildFile; fileRef = EA83E26617C712EC0032B71E /* TMDBaseVC.m */; };
		EA83E26A17C713100032B71E /* TMDHomeVC.m in Sources */ = {isa = PBXBuildFile; fileRef = EA83E26917C713100032B71E /* TMDHomeVC.m */; };
		EA83E26E17C733340032B71E /* MMExampleDrawerVisualStateManager.m in Sources */ = {isa = PBXBuildFile; fileRef = EA83E26D17C733340032B71E /* MMExampleDrawerVisualStateManager.m */; };
		EA83E27117C734110032B71E /* TMDNaviController.m in Sources */ = {isa = PBXBuildFile; fileRef = EA83E27017C734110032B71E /* TMDNaviController.m */; };
/* End PBXBuildFile section */

/* Begin PBXFileReference section */
		4C5BF0E6D6FC4E479E416039 /* Pods.xcconfig */ = {isa = PBXFileReference; includeInIndex = 1; lastKnownFileType = text.xcconfig; name = Pods.xcconfig; path = Pods/Pods.xcconfig; sourceTree = SOURCE_ROOT; };
		C1A1FE8E36274311AB3A170A /* libPods.a */ = {isa = PBXFileReference; explicitFileType = archive.ar; includeInIndex = 0; path = libPods.a; sourceTree = BUILT_PRODUCTS_DIR; };
		EA83E23A17C70CA20032B71E /* DreamFactory.app */ = {isa = PBXFileReference; explicitFileType = wrapper.application; includeInIndex = 0; path = DreamFactory.app; sourceTree = BUILT_PRODUCTS_DIR; };
		EA83E23D17C70CA20032B71E /* UIKit.framework */ = {isa = PBXFileReference; lastKnownFileType = wrapper.framework; name = UIKit.framework; path = System/Library/Frameworks/UIKit.framework; sourceTree = SDKROOT; };
		EA83E23F17C70CA20032B71E /* Foundation.framework */ = {isa = PBXFileReference; lastKnownFileType = wrapper.framework; name = Foundation.framework; path = System/Library/Frameworks/Foundation.framework; sourceTree = SDKROOT; };
		EA83E24117C70CA20032B71E /* CoreGraphics.framework */ = {isa = PBXFileReference; lastKnownFileType = wrapper.framework; name = CoreGraphics.framework; path = System/Library/Frameworks/CoreGraphics.framework; sourceTree = SDKROOT; };
		EA83E24517C70CA20032B71E /* DreamFactory-Info.plist */ = {isa = PBXFileReference; lastKnownFileType = text.plist.xml; path = "DreamFactory-Info.plist"; sourceTree = "<group>"; };
		EA83E24717C70CA20032B71E /* en */ = {isa = PBXFileReference; lastKnownFileType = text.plist.strings; name = en; path = en.lproj/InfoPlist.strings; sourceTree = "<group>"; };
		EA83E24917C70CA20032B71E /* main.m */ = {isa = PBXFileReference; lastKnownFileType = sourcecode.c.objc; path = main.m; sourceTree = "<group>"; };
		EA83E24B17C70CA20032B71E /* DreamFactory-Prefix.pch */ = {isa = PBXFileReference; lastKnownFileType = sourcecode.c.h; path = "DreamFactory-Prefix.pch"; sourceTree = "<group>"; };
		EA83E24C17C70CA20032B71E /* TMDAppDelegate.h */ = {isa = PBXFileReference; lastKnownFileType = sourcecode.c.h; path = TMDAppDelegate.h; sourceTree = "<group>"; };
		EA83E24D17C70CA20032B71E /* TMDAppDelegate.m */ = {isa = PBXFileReference; lastKnownFileType = sourcecode.c.objc; path = TMDAppDelegate.m; sourceTree = "<group>"; };
		EA83E24F17C70CA20032B71E /* Default.png */ = {isa = PBXFileReference; lastKnownFileType = image.png; path = Default.png; sourceTree = "<group>"; };
		EA83E25117C70CA20032B71E /* Default@2x.png */ = {isa = PBXFileReference; lastKnownFileType = image.png; path = "Default@2x.png"; sourceTree = "<group>"; };
		EA83E25317C70CA20032B71E /* Default-568h@2x.png */ = {isa = PBXFileReference; lastKnownFileType = image.png; path = "Default-568h@2x.png"; sourceTree = "<group>"; };
		EA83E25F17C70F8A0032B71E /* TMDLeftVC.h */ = {isa = PBXFileReference; fileEncoding = 4; lastKnownFileType = sourcecode.c.h; path = TMDLeftVC.h; sourceTree = "<group>"; };
		EA83E26017C70F8A0032B71E /* TMDLeftVC.m */ = {isa = PBXFileReference; fileEncoding = 4; lastKnownFileType = sourcecode.c.objc; path = TMDLeftVC.m; sourceTree = "<group>"; };
		EA83E26217C70FBB0032B71E /* TMDRightVC.h */ = {isa = PBXFileReference; fileEncoding = 4; lastKnownFileType = sourcecode.c.h; path = TMDRightVC.h; sourceTree = "<group>"; };
		EA83E26317C70FBB0032B71E /* TMDRightVC.m */ = {isa = PBXFileReference; fileEncoding = 4; lastKnownFileType = sourcecode.c.objc; path = TMDRightVC.m; sourceTree = "<group>"; };
		EA83E26517C712EC0032B71E /* TMDBaseVC.h */ = {isa = PBXFileReference; fileEncoding = 4; lastKnownFileType = sourcecode.c.h; path = TMDBaseVC.h; sourceTree = "<group>"; };
		EA83E26617C712EC0032B71E /* TMDBaseVC.m */ = {isa = PBXFileReference; fileEncoding = 4; lastKnownFileType = sourcecode.c.objc; path = TMDBaseVC.m; sourceTree = "<group>"; };
		EA83E26817C713100032B71E /* TMDHomeVC.h */ = {isa = PBXFileReference; fileEncoding = 4; lastKnownFileType = sourcecode.c.h; path = TMDHomeVC.h; sourceTree = "<group>"; };
		EA83E26917C713100032B71E /* TMDHomeVC.m */ = {isa = PBXFileReference; fileEncoding = 4; lastKnownFileType = sourcecode.c.objc; path = TMDHomeVC.m; sourceTree = "<group>"; };
		EA83E26C17C733340032B71E /* MMExampleDrawerVisualStateManager.h */ = {isa = PBXFileReference; fileEncoding = 4; lastKnownFileType = sourcecode.c.h; path = MMExampleDrawerVisualStateManager.h; sourceTree = "<group>"; };
		EA83E26D17C733340032B71E /* MMExampleDrawerVisualStateManager.m */ = {isa = PBXFileReference; fileEncoding = 4; lastKnownFileType = sourcecode.c.objc; path = MMExampleDrawerVisualStateManager.m; sourceTree = "<group>"; };
		EA83E26F17C734110032B71E /* TMDNaviController.h */ = {isa = PBXFileReference; fileEncoding = 4; lastKnownFileType = sourcecode.c.h; path = TMDNaviController.h; sourceTree = "<group>"; };
		EA83E27017C734110032B71E /* TMDNaviController.m */ = {isa = PBXFileReference; fileEncoding = 4; lastKnownFileType = sourcecode.c.objc; path = TMDNaviController.m; sourceTree = "<group>"; };
/* End PBXFileReference section */

/* Begin PBXFrameworksBuildPhase section */
		EA83E23717C70CA20032B71E /* Frameworks */ = {
			isa = PBXFrameworksBuildPhase;
			buildActionMask = 2147483647;
			files = (
				EA83E23E17C70CA20032B71E /* UIKit.framework in Frameworks */,
				EA83E24017C70CA20032B71E /* Foundation.framework in Frameworks */,
				EA83E24217C70CA20032B71E /* CoreGraphics.framework in Frameworks */,
				13EF6EB7B6BE4164BCAF94FD /* libPods.a in Frameworks */,
			);
			runOnlyForDeploymentPostprocessing = 0;
		};
/* End PBXFrameworksBuildPhase section */

/* Begin PBXGroup section */
		EA83E23117C70CA20032B71E = {
			isa = PBXGroup;
			children = (
				EA83E25A17C70F600032B71E /* SourceCode */,
				EA83E24317C70CA20032B71E /* DreamFactory */,
				EA83E23C17C70CA20032B71E /* Frameworks */,
				EA83E23B17C70CA20032B71E /* Products */,
				4C5BF0E6D6FC4E479E416039 /* Pods.xcconfig */,
			);
			sourceTree = "<group>";
		};
		EA83E23B17C70CA20032B71E /* Products */ = {
			isa = PBXGroup;
			children = (
				EA83E23A17C70CA20032B71E /* DreamFactory.app */,
			);
			name = Products;
			sourceTree = "<group>";
		};
		EA83E23C17C70CA20032B71E /* Frameworks */ = {
			isa = PBXGroup;
			children = (
				EA83E23D17C70CA20032B71E /* UIKit.framework */,
				EA83E23F17C70CA20032B71E /* Foundation.framework */,
				EA83E24117C70CA20032B71E /* CoreGraphics.framework */,
				C1A1FE8E36274311AB3A170A /* libPods.a */,
			);
			name = Frameworks;
			sourceTree = "<group>";
		};
		EA83E24317C70CA20032B71E /* DreamFactory */ = {
			isa = PBXGroup;
			children = (
				EA83E24C17C70CA20032B71E /* TMDAppDelegate.h */,
				EA83E24D17C70CA20032B71E /* TMDAppDelegate.m */,
				EA83E24417C70CA20032B71E /* Supporting Files */,
			);
			path = DreamFactory;
			sourceTree = "<group>";
		};
		EA83E24417C70CA20032B71E /* Supporting Files */ = {
			isa = PBXGroup;
			children = (
				EA83E24517C70CA20032B71E /* DreamFactory-Info.plist */,
				EA83E24617C70CA20032B71E /* InfoPlist.strings */,
				EA83E24917C70CA20032B71E /* main.m */,
				EA83E24B17C70CA20032B71E /* DreamFactory-Prefix.pch */,
				EA83E24F17C70CA20032B71E /* Default.png */,
				EA83E25117C70CA20032B71E /* Default@2x.png */,
				EA83E25317C70CA20032B71E /* Default-568h@2x.png */,
			);
			name = "Supporting Files";
			sourceTree = "<group>";
		};
		EA83E25A17C70F600032B71E /* SourceCode */ = {
			isa = PBXGroup;
			children = (
				EA83E26B17C7332B0032B71E /* Others */,
				EA83E25B17C70F600032B71E /* Categories */,
				EA83E25C17C70F600032B71E /* Utility */,
				EA83E25D17C70F600032B71E /* ViewControllers */,
				EA83E25E17C70F600032B71E /* Views */,
			);
			path = SourceCode;
			sourceTree = "<group>";
		};
		EA83E25B17C70F600032B71E /* Categories */ = {
			isa = PBXGroup;
			children = (
			);
			path = Categories;
			sourceTree = "<group>";
		};
		EA83E25C17C70F600032B71E /* Utility */ = {
			isa = PBXGroup;
			children = (
			);
			path = Utility;
			sourceTree = "<group>";
		};
		EA83E25D17C70F600032B71E /* ViewControllers */ = {
			isa = PBXGroup;
			children = (
				EA83E26F17C734110032B71E /* TMDNaviController.h */,
				EA83E27017C734110032B71E /* TMDNaviController.m */,
				EA83E25F17C70F8A0032B71E /* TMDLeftVC.h */,
				EA83E26017C70F8A0032B71E /* TMDLeftVC.m */,
				EA83E26217C70FBB0032B71E /* TMDRightVC.h */,
				EA83E26317C70FBB0032B71E /* TMDRightVC.m */,
				EA83E26517C712EC0032B71E /* TMDBaseVC.h */,
				EA83E26617C712EC0032B71E /* TMDBaseVC.m */,
				EA83E26817C713100032B71E /* TMDHomeVC.h */,
				EA83E26917C713100032B71E /* TMDHomeVC.m */,
			);
			path = ViewControllers;
			sourceTree = "<group>";
		};
		EA83E25E17C70F600032B71E /* Views */ = {
			isa = PBXGroup;
			children = (
			);
			path = Views;
			sourceTree = "<group>";
		};
		EA83E26B17C7332B0032B71E /* Others */ = {
			isa = PBXGroup;
			children = (
				EA83E26C17C733340032B71E /* MMExampleDrawerVisualStateManager.h */,
				EA83E26D17C733340032B71E /* MMExampleDrawerVisualStateManager.m */,
			);
			path = Others;
			sourceTree = "<group>";
		};
/* End PBXGroup section */

/* Begin PBXNativeTarget section */
		EA83E23917C70CA20032B71E /* DreamFactory */ = {
			isa = PBXNativeTarget;
			buildConfigurationList = EA83E25717C70CA20032B71E /* Build configuration list for PBXNativeTarget "DreamFactory" */;
			buildPhases = (
				F8DDAD8AA3AC4EABA46C36C7 /* Check Pods Manifest.lock */,
				EA83E23617C70CA20032B71E /* Sources */,
				EA83E23717C70CA20032B71E /* Frameworks */,
				EA83E23817C70CA20032B71E /* Resources */,
				A4C2E5E6DD5D460C9B0F295F /* Copy Pods Resources */,
			);
			buildRules = (
			);
			dependencies = (
			);
			name = DreamFactory;
			productName = DreamFactory;
			productReference = EA83E23A17C70CA20032B71E /* DreamFactory.app */;
			productType = "com.apple.product-type.application";
		};
/* End PBXNativeTarget section */

/* Begin PBXProject section */
		EA83E23217C70CA20032B71E /* Project object */ = {
			isa = PBXProject;
			attributes = {
				CLASSPREFIX = TMD;
				LastUpgradeCheck = 0460;
				ORGANIZATIONNAME = ToMaDon;
			};
			buildConfigurationList = EA83E23517C70CA20032B71E /* Build configuration list for PBXProject "DreamFactory" */;
			compatibilityVersion = "Xcode 3.2";
			developmentRegion = English;
			hasScannedForEncodings = 0;
			knownRegions = (
				en,
			);
			mainGroup = EA83E23117C70CA20032B71E;
			productRefGroup = EA83E23B17C70CA20032B71E /* Products */;
			projectDirPath = "";
			projectRoot = "";
			targets = (
				EA83E23917C70CA20032B71E /* DreamFactory */,
			);
		};
/* End PBXProject section */

/* Begin PBXResourcesBuildPhase section */
		EA83E23817C70CA20032B71E /* Resources */ = {
			isa = PBXResourcesBuildPhase;
			buildActionMask = 2147483647;
			files = (
				EA83E24817C70CA20032B71E /* InfoPlist.strings in Resources */,
				EA83E25017C70CA20032B71E /* Default.png in Resources */,
				EA83E25217C70CA20032B71E /* Default@2x.png in Resources */,
				EA83E25417C70CA20032B71E /* Default-568h@2x.png in Resources */,
			);
			runOnlyForDeploymentPostprocessing = 0;
		};
/* End PBXResourcesBuildPhase section */

/* Begin PBXShellScriptBuildPhase section */
		A4C2E5E6DD5D460C9B0F295F /* Copy Pods Resources */ = {
			isa = PBXShellScriptBuildPhase;
			buildActionMask = 2147483647;
			files = (
			);
			inputPaths = (
			);
			name = "Copy Pods Resources";
			outputPaths = (
			);
			runOnlyForDeploymentPostprocessing = 0;
			shellPath = /bin/sh;
			shellScript = "\"${SRCROOT}/Pods/Pods-resources.sh\"\n";
			showEnvVarsInLog = 0;
		};
		F8DDAD8AA3AC4EABA46C36C7 /* Check Pods Manifest.lock */ = {
			isa = PBXShellScriptBuildPhase;
			buildActionMask = 2147483647;
			files = (
			);
			inputPaths = (
			);
			name = "Check Pods Manifest.lock";
			outputPaths = (
			);
			runOnlyForDeploymentPostprocessing = 0;
			shellPath = /bin/sh;
			shellScript = "diff \"${PODS_ROOT}/../Podfile.lock\" \"${PODS_ROOT}/Manifest.lock\" > /dev/null\nif [[ $? != 0 ]] ; then\n    cat << EOM\nerror: The sandbox is not in sync with the Podfile.lock. Run 'pod install' or update your CocoaPods installation.\nEOM\n    exit 1\nfi\n";
			showEnvVarsInLog = 0;
		};
/* End PBXShellScriptBuildPhase section */

/* Begin PBXSourcesBuildPhase section */
		EA83E23617C70CA20032B71E /* Sources */ = {
			isa = PBXSourcesBuildPhase;
			buildActionMask = 2147483647;
			files = (
				EA83E24A17C70CA20032B71E /* main.m in Sources */,
				EA83E24E17C70CA20032B71E /* TMDAppDelegate.m in Sources */,
				EA83E26117C70F8A0032B71E /* TMDLeftVC.m in Sources */,
				EA83E26417C70FBB0032B71E /* TMDRightVC.m in Sources */,
				EA83E26717C712EC0032B71E /* TMDBaseVC.m in Sources */,
				EA83E26A17C713100032B71E /* TMDHomeVC.m in Sources */,
				EA83E26E17C733340032B71E /* MMExampleDrawerVisualStateManager.m in Sources */,
				EA83E27117C734110032B71E /* TMDNaviController.m in Sources */,
			);
			runOnlyForDeploymentPostprocessing = 0;
		};
/* End PBXSourcesBuildPhase section */

/* Begin PBXVariantGroup section */
		EA83E24617C70CA20032B71E /* InfoPlist.strings */ = {
			isa = PBXVariantGroup;
			children = (
				EA83E24717C70CA20032B71E /* en */,
			);
			name = InfoPlist.strings;
			sourceTree = "<group>";
		};
/* End PBXVariantGroup section */

/* Begin XCBuildConfiguration section */
		EA83E25517C70CA20032B71E /* Debug */ = {
			isa = XCBuildConfiguration;
			buildSettings = {
				ALWAYS_SEARCH_USER_PATHS = NO;
				CLANG_CXX_LANGUAGE_STANDARD = "gnu++0x";
				CLANG_CXX_LIBRARY = "libc++";
				CLANG_ENABLE_OBJC_ARC = YES;
				CLANG_WARN_CONSTANT_CONVERSION = YES;
				CLANG_WARN_EMPTY_BODY = YES;
				CLANG_WARN_ENUM_CONVERSION = YES;
				CLANG_WARN_INT_CONVERSION = YES;
				CLANG_WARN__DUPLICATE_METHOD_MATCH = YES;
				"CODE_SIGN_IDENTITY[sdk=iphoneos*]" = "iPhone Developer";
				COPY_PHASE_STRIP = NO;
				GCC_C_LANGUAGE_STANDARD = gnu99;
				GCC_DYNAMIC_NO_PIC = NO;
				GCC_OPTIMIZATION_LEVEL = 0;
				GCC_PREPROCESSOR_DEFINITIONS = (
					"DEBUG=1",
					"$(inherited)",
				);
				GCC_SYMBOLS_PRIVATE_EXTERN = NO;
				GCC_WARN_ABOUT_RETURN_TYPE = YES;
				GCC_WARN_UNINITIALIZED_AUTOS = YES;
				GCC_WARN_UNUSED_VARIABLE = YES;
				IPHONEOS_DEPLOYMENT_TARGET = 6.1;
				ONLY_ACTIVE_ARCH = YES;
				SDKROOT = iphoneos;
			};
			name = Debug;
		};
		EA83E25617C70CA20032B71E /* Release */ = {
			isa = XCBuildConfiguration;
			buildSettings = {
				ALWAYS_SEARCH_USER_PATHS = NO;
				CLANG_CXX_LANGUAGE_STANDARD = "gnu++0x";
				CLANG_CXX_LIBRARY = "libc++";
				CLANG_ENABLE_OBJC_ARC = YES;
				CLANG_WARN_CONSTANT_CONVERSION = YES;
				CLANG_WARN_EMPTY_BODY = YES;
				CLANG_WARN_ENUM_CONVERSION = YES;
				CLANG_WARN_INT_CONVERSION = YES;
				CLANG_WARN__DUPLICATE_METHOD_MATCH = YES;
				"CODE_SIGN_IDENTITY[sdk=iphoneos*]" = "iPhone Developer";
				COPY_PHASE_STRIP = YES;
				GCC_C_LANGUAGE_STANDARD = gnu99;
				GCC_WARN_ABOUT_RETURN_TYPE = YES;
				GCC_WARN_UNINITIALIZED_AUTOS = YES;
				GCC_WARN_UNUSED_VARIABLE = YES;
				IPHONEOS_DEPLOYMENT_TARGET = 6.1;
				OTHER_CFLAGS = "-DNS_BLOCK_ASSERTIONS=1";
				SDKROOT = iphoneos;
				VALIDATE_PRODUCT = YES;
			};
			name = Release;
		};
		EA83E25817C70CA20032B71E /* Debug */ = {
			isa = XCBuildConfiguration;
			baseConfigurationReference = 4C5BF0E6D6FC4E479E416039 /* Pods.xcconfig */;
			buildSettings = {
				GCC_PRECOMPILE_PREFIX_HEADER = YES;
				GCC_PREFIX_HEADER = "DreamFactory/DreamFactory-Prefix.pch";
				INFOPLIST_FILE = "DreamFactory/DreamFactory-Info.plist";
				PRODUCT_NAME = "$(TARGET_NAME)";
				WRAPPER_EXTENSION = app;
			};
			name = Debug;
		};
		EA83E25917C70CA20032B71E /* Release */ = {
			isa = XCBuildConfiguration;
			baseConfigurationReference = 4C5BF0E6D6FC4E479E416039 /* Pods.xcconfig */;
			buildSettings = {
				GCC_PRECOMPILE_PREFIX_HEADER = YES;
				GCC_PREFIX_HEADER = "DreamFactory/DreamFactory-Prefix.pch";
				INFOPLIST_FILE = "DreamFactory/DreamFactory-Info.plist";
				PRODUCT_NAME = "$(TARGET_NAME)";
				WRAPPER_EXTENSION = app;
			};
			name = Release;
		};
/* End XCBuildConfiguration section */

/* Begin XCConfigurationList section */
		EA83E23517C70CA20032B71E /* Build configuration list for PBXProject "DreamFactory" */ = {
			isa = XCConfigurationList;
			buildConfigurations = (
				EA83E25517C70CA20032B71E /* Debug */,
				EA83E25617C70CA20032B71E /* Release */,
			);
			defaultConfigurationIsVisible = 0;
			defaultConfigurationName = Release;
		};
		EA83E25717C70CA20032B71E /* Build configuration list for PBXNativeTarget "DreamFactory" */ = {
			isa = XCConfigurationList;
			buildConfigurations = (
				EA83E25817C70CA20032B71E /* Debug */,
				EA83E25917C70CA20032B71E /* Release */,
			);
			defaultConfigurationIsVisible = 0;
			defaultConfigurationName = Release;
		};
/* End XCConfigurationList section */
	};
	rootObject = EA83E23217C70CA20032B71E /* Project object */;
}
